
Microsoft Visual Studio Solution File, Format Version 12.00
# Visual Studio Version 16
VisualStudioVersion = 16.0.30011.22
MinimumVisualStudioVersion = 10.0.40219.1
Project("{FAE04EC0-301F-11D3-BF4B-00C04F79EFBC}") = "Pokedex-Console", "Pokedex-Console.csproj", "{18E5E495-F282-4D1B-B584-F1762C2B27D5}"
EndProject
Global
	GlobalSection(SolutionConfigurationPlatforms) = preSolution
		Debug|Any CPU = Debug|Any CPU
		Release|Any CPU = Release|Any CPU
	EndGlobalSection
	GlobalSection(ProjectConfigurationPlatforms) = postSolution
		{18E5E495-F282-4D1B-B584-F1762C2B27D5}.Debug|Any CPU.ActiveCfg = Debug|Any CPU
		{18E5E495-F282-4D1B-B584-F1762C2B27D5}.Debug|Any CPU.Build.0 = Debug|Any CPU
		{18E5E495-F282-4D1B-B584-F1762C2B27D5}.Release|Any CPU.ActiveCfg = Release|Any CPU
		{18E5E495-F282-4D1B-B584-F1762C2B27D5}.Release|Any CPU.Build.0 = Release|Any CPU
	EndGlobalSection
	GlobalSection(SolutionProperties) = preSolution
		HideSolutionNode = FALSE
	EndGlobalSection
	GlobalSection(ExtensibilityGlobals) = postSolution
		SolutionGuid = {7DC00BE2-9E61-442F-8AD2-FEF77AFE4FC6}
	EndGlobalSection
EndGlobal
